
Microsoft Visual Studio Solution File, Format Version 12.00
# Visual Studio Version 16
VisualStudioVersion = 16.0.31205.134
MinimumVisualStudioVersion = 10.0.40219.1
Project("{FAE04EC0-301F-11D3-BF4B-00C04F79EFBC}") = "ConsoleApplication", "ConsoleApplication\ConsoleApplication.csproj", "{58B4AB92-ADA8-4C36-94EB-5B2C3493D60A}"
EndProject
Global
	GlobalSection(SolutionConfigurationPlatforms) = preSolution
		Debug|Any CPU = Debug|Any CPU
		Release|Any CPU = Release|Any CPU
	EndGlobalSection
	GlobalSection(ProjectConfigurationPlatforms) = postSolution
		{58B4AB92-ADA8-4C36-94EB-5B2C3493D60A}.Debug|Any CPU.ActiveCfg = Debug|Any CPU
		{58B4AB92-ADA8-4C36-94EB-5B2C3493D60A}.Debug|Any CPU.Build.0 = Debug|Any CPU
		{58B4AB92-ADA8-4C36-94EB-5B2C3493D60A}.Release|Any CPU.ActiveCfg = Release|Any CPU
		{58B4AB92-ADA8-4C36-94EB-5B2C3493D60A}.Release|Any CPU.Build.0 = Release|Any CPU
	EndGlobalSection
	GlobalSection(SolutionProperties) = preSolution
		HideSolutionNode = FALSE
	EndGlobalSection
	GlobalSection(ExtensibilityGlobals) = postSolution
		SolutionGuid = {CB4E2265-7B1A-441E-A103-4FF3A49FCAE7}
	EndGlobalSection
EndGlobal
